
Microsoft Visual Studio Solution File, Format Version 12.00
# Visual Studio Version 17
VisualStudioVersion = 17.8.34601.278
MinimumVisualStudioVersion = 10.0.40219.1
Project("{FAE04EC0-301F-11D3-BF4B-00C04F79EFBC}") = "Controversie", "Controversie\Controversie.csproj", "{18B3C8B2-E41C-4A3C-AEE3-AFBB8B6A9404}"
EndProject
Global
	GlobalSection(SolutionConfigurationPlatforms) = preSolution
		Debug|Any CPU = Debug|Any CPU
		Release|Any CPU = Release|Any CPU
	EndGlobalSection
	GlobalSection(ProjectConfigurationPlatforms) = postSolution
		{18B3C8B2-E41C-4A3C-AEE3-AFBB8B6A9404}.Debug|Any CPU.ActiveCfg = Debug|Any CPU
		{18B3C8B2-E41C-4A3C-AEE3-AFBB8B6A9404}.Debug|Any CPU.Build.0 = Debug|Any CPU
		{18B3C8B2-E41C-4A3C-AEE3-AFBB8B6A9404}.Release|Any CPU.ActiveCfg = Release|Any CPU
		{18B3C8B2-E41C-4A3C-AEE3-AFBB8B6A9404}.Release|Any CPU.Build.0 = Release|Any CPU
	EndGlobalSection
	GlobalSection(SolutionProperties) = preSolution
		HideSolutionNode = FALSE
	EndGlobalSection
	GlobalSection(ExtensibilityGlobals) = postSolution
		SolutionGuid = {2948DA23-9D1F-4D69-B222-0E6893375E86}
	EndGlobalSection
EndGlobal
